
Microsoft Visual Studio Solution File, Format Version 12.00
# Visual Studio Version 17
VisualStudioVersion = 17.1.32228.430
MinimumVisualStudioVersion = 10.0.40219.1
Project("{FAE04EC0-301F-11D3-BF4B-00C04F79EFBC}") = "PersonalSite.UI.MVC", "PersonalSite.UI.MVC\PersonalSite.UI.MVC.csproj", "{61788EC6-0EC0-4A5C-ACAC-EC5268D3EC97}"
EndProject
Project("{FAE04EC0-301F-11D3-BF4B-00C04F79EFBC}") = "PersonalSite.DATA.EF", "PersonalSite.DATA.EF\PersonalSite.DATA.EF.csproj", "{9770561C-5E68-4A05-A9AF-FEC437D53B03}"
EndProject
Global
	GlobalSection(SolutionConfigurationPlatforms) = preSolution
		Debug|Any CPU = Debug|Any CPU
		Release|Any CPU = Release|Any CPU
	EndGlobalSection
	GlobalSection(ProjectConfigurationPlatforms) = postSolution
		{61788EC6-0EC0-4A5C-ACAC-EC5268D3EC97}.Debug|Any CPU.ActiveCfg = Debug|Any CPU
		{61788EC6-0EC0-4A5C-ACAC-EC5268D3EC97}.Debug|Any CPU.Build.0 = Debug|Any CPU
		{61788EC6-0EC0-4A5C-ACAC-EC5268D3EC97}.Release|Any CPU.ActiveCfg = Release|Any CPU
		{61788EC6-0EC0-4A5C-ACAC-EC5268D3EC97}.Release|Any CPU.Build.0 = Release|Any CPU
		{9770561C-5E68-4A05-A9AF-FEC437D53B03}.Debug|Any CPU.ActiveCfg = Debug|Any CPU
		{9770561C-5E68-4A05-A9AF-FEC437D53B03}.Debug|Any CPU.Build.0 = Debug|Any CPU
		{9770561C-5E68-4A05-A9AF-FEC437D53B03}.Release|Any CPU.ActiveCfg = Release|Any CPU
		{9770561C-5E68-4A05-A9AF-FEC437D53B03}.Release|Any CPU.Build.0 = Release|Any CPU
	EndGlobalSection
	GlobalSection(SolutionProperties) = preSolution
		HideSolutionNode = FALSE
	EndGlobalSection
	GlobalSection(ExtensibilityGlobals) = postSolution
		SolutionGuid = {936B0780-C23F-4941-AF45-FECE61F466E6}
	EndGlobalSection
EndGlobal
